
Microsoft Visual Studio Solution File, Format Version 12.00
# Visual Studio 15
VisualStudioVersion = 15.0.26730.12
MinimumVisualStudioVersion = 10.0.40219.1
Project("{FAE04EC0-301F-11D3-BF4B-00C04F79EFBC}") = "Zharam", "Zharam\Zharam.csproj", "{362617F4-0B87-4297-A9C0-42E03FBC775D}"
EndProject
Global
	GlobalSection(SolutionConfigurationPlatforms) = preSolution
		Debug|Any CPU = Debug|Any CPU
		Release|Any CPU = Release|Any CPU
	EndGlobalSection
	GlobalSection(ProjectConfigurationPlatforms) = postSolution
		{362617F4-0B87-4297-A9C0-42E03FBC775D}.Debug|Any CPU.ActiveCfg = Debug|Any CPU
		{362617F4-0B87-4297-A9C0-42E03FBC775D}.Debug|Any CPU.Build.0 = Debug|Any CPU
		{362617F4-0B87-4297-A9C0-42E03FBC775D}.Release|Any CPU.ActiveCfg = Release|Any CPU
		{362617F4-0B87-4297-A9C0-42E03FBC775D}.Release|Any CPU.Build.0 = Release|Any CPU
	EndGlobalSection
	GlobalSection(SolutionProperties) = preSolution
		HideSolutionNode = FALSE
	EndGlobalSection
	GlobalSection(ExtensibilityGlobals) = postSolution
		SolutionGuid = {D8FFB155-E22C-4DBF-BCF3-727EEBCC4B1F}
	EndGlobalSection
EndGlobal
